# Generated by pub
# See https://dart.dev/tools/pub/glossary#lockfile
packages:
  core:
    dependency: "direct main"
    description:
      path: "../../core/dart"
      relative: true
    source: path
    version: "0.0.0"
  ffi:
    dependency: "direct main"
    description:
      name: ffi
      sha256: "493f37e7df1804778ff3a53bd691d8692ddf69702cf4c1c1096a2e41b4779e21"
      url: "https://pub.dev"
    source: hosted
    version: "2.1.2"
sdks:
  dart: ">=3.3.0 <4.0.0"
